// !$*UTF8*$!
{
	archiveVersion = 1;
	classes = {
	};
	objectVersion = 56;
	objects = {

/* Begin PBXBuildFile section */
		A7C5A1C1299F4B910043A1FB /* AppDelegate.swift in Sources */ = {isa = PBXBuildFile; fileRef = A7C5A1C0299F4B910043A1FB /* AppDelegate.swift */; };
		A7C5A1C3299F4B910043A1FB /* SceneDelegate.swift in Sources */ = {isa = PBXBuildFile; fileRef = A7C5A1C2299F4B910043A1FB /* SceneDelegate.swift */; };
		A7C5A1C5299F4B910043A1FB /* ViewController.swift in Sources */ = {isa = PBXBuildFile; fileRef = A7C5A1C4299F4B910043A1FB /* ViewController.swift */; };
		A7C5A1C8299F4B910043A1FB /* Main.storyboard in Resources */ = {isa = PBXBuildFile; fileRef = A7C5A1C6299F4B910043A1FB /* Main.storyboard */; };
		A7C5A1CA299F4B930043A1FB /* Assets.xcassets in Resources */ = {isa = PBXBuildFile; fileRef = A7C5A1C9299F4B930043A1FB /* Assets.xcassets */; };
		A7C5A1CD299F4B930043A1FB /* LaunchScreen.storyboard in Resources */ = {isa = PBXBuildFile; fileRef = A7C5A1CB299F4B930043A1FB /* LaunchScreen.storyboard */; };
		A7C5A1D729A1F9F80043A1FB /* CurrencyLogic.swift in Sources */ = {isa = PBXBuildFile; fileRef = A7C5A1D629A1F9F80043A1FB /* CurrencyLogic.swift */; };
		A7C5A1D929A1FBD00043A1FB /* ConvertedView.swift in Sources */ = {isa = PBXBuildFile; fileRef = A7C5A1D829A1FBD00043A1FB /* ConvertedView.swift */; };
/* End PBXBuildFile section */

/* Begin PBXFileReference section */
		A7C5A1BD299F4B910043A1FB /* MyCurrencyConverter.app */ = {isa = PBXFileReference; explicitFileType = wrapper.application; includeInIndex = 0; path = MyCurrencyConverter.app; sourceTree = BUILT_PRODUCTS_DIR; };
		A7C5A1C0299F4B910043A1FB /* AppDelegate.swift */ = {isa = PBXFileReference; lastKnownFileType = sourcecode.swift; path = AppDelegate.swift; sourceTree = "<group>"; };
		A7C5A1C2299F4B910043A1FB /* SceneDelegate.swift */ = {isa = PBXFileReference; lastKnownFileType = sourcecode.swift; path = SceneDelegate.swift; sourceTree = "<group>"; };
		A7C5A1C4299F4B910043A1FB /* ViewController.swift */ = {isa = PBXFileReference; lastKnownFileType = sourcecode.swift; path = ViewController.swift; sourceTree = "<group>"; };
		A7C5A1C7299F4B910043A1FB /* Base */ = {isa = PBXFileReference; lastKnownFileType = file.storyboard; name = Base; path = Base.lproj/Main.storyboard; sourceTree = "<group>"; };
		A7C5A1C9299F4B930043A1FB /* Assets.xcassets */ = {isa = PBXFileReference; lastKnownFileType = folder.assetcatalog; path = Assets.xcassets; sourceTree = "<group>"; };
		A7C5A1CC299F4B930043A1FB /* Base */ = {isa = PBXFileReference; lastKnownFileType = file.storyboard; name = Base; path = Base.lproj/LaunchScreen.storyboard; sourceTree = "<group>"; };
		A7C5A1CE299F4B930043A1FB /* Info.plist */ = {isa = PBXFileReference; lastKnownFileType = text.plist.xml; path = Info.plist; sourceTree = "<group>"; };
		A7C5A1D629A1F9F80043A1FB /* CurrencyLogic.swift */ = {isa = PBXFileReference; lastKnownFileType = sourcecode.swift; path = CurrencyLogic.swift; sourceTree = "<group>"; };
		A7C5A1D829A1FBD00043A1FB /* ConvertedView.swift */ = {isa = PBXFileReference; lastKnownFileType = sourcecode.swift; path = ConvertedView.swift; sourceTree = "<group>"; };
/* End PBXFileReference section */

/* Begin PBXFrameworksBuildPhase section */
		A7C5A1BA299F4B910043A1FB /* Frameworks */ = {
			isa = PBXFrameworksBuildPhase;
			buildActionMask = 2147483647;
			files = (
			);
			runOnlyForDeploymentPostprocessing = 0;
		};
/* End PBXFrameworksBuildPhase section */

/* Begin PBXGroup section */
		A7C5A1B4299F4B910043A1FB = {
			isa = PBXGroup;
			children = (
				A7C5A1BF299F4B910043A1FB /* MyCurrencyConverter */,
				A7C5A1BE299F4B910043A1FB /* Products */,
			);
			sourceTree = "<group>";
		};
		A7C5A1BE299F4B910043A1FB /* Products */ = {
			isa = PBXGroup;
			children = (
				A7C5A1BD299F4B910043A1FB /* MyCurrencyConverter.app */,
			);
			name = Products;
			sourceTree = "<group>";
		};
		A7C5A1BF299F4B910043A1FB /* MyCurrencyConverter */ = {
			isa = PBXGroup;
			children = (
				A7C5A1C0299F4B910043A1FB /* AppDelegate.swift */,
				A7C5A1C2299F4B910043A1FB /* SceneDelegate.swift */,
				A7C5A1D529A1F9DF0043A1FB /* Model */,
				A7C5A1D429A1F9C50043A1FB /* View */,
				A7C5A1C6299F4B910043A1FB /* Main.storyboard */,
				A7C5A1C9299F4B930043A1FB /* Assets.xcassets */,
				A7C5A1CB299F4B930043A1FB /* LaunchScreen.storyboard */,
				A7C5A1CE299F4B930043A1FB /* Info.plist */,
			);
			path = MyCurrencyConverter;
			sourceTree = "<group>";
		};
		A7C5A1D429A1F9C50043A1FB /* View */ = {
			isa = PBXGroup;
			children = (
				A7C5A1C4299F4B910043A1FB /* ViewController.swift */,
				A7C5A1D829A1FBD00043A1FB /* ConvertedView.swift */,
			);
			path = View;
			sourceTree = "<group>";
		};
		A7C5A1D529A1F9DF0043A1FB /* Model */ = {
			isa = PBXGroup;
			children = (
				A7C5A1D629A1F9F80043A1FB /* CurrencyLogic.swift */,
			);
			path = Model;
			sourceTree = "<group>";
		};
/* End PBXGroup section */

/* Begin PBXNativeTarget section */
		A7C5A1BC299F4B910043A1FB /* MyCurrencyConverter */ = {
			isa = PBXNativeTarget;
			buildConfigurationList = A7C5A1D1299F4B930043A1FB /* Build configuration list for PBXNativeTarget "MyCurrencyConverter" */;
			buildPhases = (
				A7C5A1B9299F4B910043A1FB /* Sources */,
				A7C5A1BA299F4B910043A1FB /* Frameworks */,
				A7C5A1BB299F4B910043A1FB /* Resources */,
			);
			buildRules = (
			);
			dependencies = (
			);
			name = MyCurrencyConverter;
			productName = MyCurrencyConverter;
			productReference = A7C5A1BD299F4B910043A1FB /* MyCurrencyConverter.app */;
			productType = "com.apple.product-type.application";
		};
/* End PBXNativeTarget section */

/* Begin PBXProject section */
		A7C5A1B5299F4B910043A1FB /* Project object */ = {
			isa = PBXProject;
			attributes = {
				BuildIndependentTargetsInParallel = 1;
				LastSwiftUpdateCheck = 1420;
				LastUpgradeCheck = 1420;
				TargetAttributes = {
					A7C5A1BC299F4B910043A1FB = {
						CreatedOnToolsVersion = 14.2;
					};
				};
			};
			buildConfigurationList = A7C5A1B8299F4B910043A1FB /* Build configuration list for PBXProject "MyCurrencyConverter" */;
			compatibilityVersion = "Xcode 14.0";
			developmentRegion = en;
			hasScannedForEncodings = 0;
			knownRegions = (
				en,
				Base,
			);
			mainGroup = A7C5A1B4299F4B910043A1FB;
			productRefGroup = A7C5A1BE299F4B910043A1FB /* Products */;
			projectDirPath = "";
			projectRoot = "";
			targets = (
				A7C5A1BC299F4B910043A1FB /* MyCurrencyConverter */,
			);
		};
/* End PBXProject section */

/* Begin PBXResourcesBuildPhase section */
		A7C5A1BB299F4B910043A1FB /* Resources */ = {
			isa = PBXResourcesBuildPhase;
			buildActionMask = 2147483647;
			files = (
				A7C5A1CD299F4B930043A1FB /* LaunchScreen.storyboard in Resources */,
				A7C5A1CA299F4B930043A1FB /* Assets.xcassets in Resources */,
				A7C5A1C8299F4B910043A1FB /* Main.storyboard in Resources */,
			);
			runOnlyForDeploymentPostprocessing = 0;
		};
/* End PBXResourcesBuildPhase section */

/* Begin PBXSourcesBuildPhase section */
		A7C5A1B9299F4B910043A1FB /* Sources */ = {
			isa = PBXSourcesBuildPhase;
			buildActionMask = 2147483647;
			files = (
				A7C5A1D929A1FBD00043A1FB /* ConvertedView.swift in Sources */,
				A7C5A1C5299F4B910043A1FB /* ViewController.swift in Sources */,
				A7C5A1C1299F4B910043A1FB /* AppDelegate.swift in Sources */,
				A7C5A1C3299F4B910043A1FB /* SceneDelegate.swift in Sources */,
				A7C5A1D729A1F9F80043A1FB /* CurrencyLogic.swift in Sources */,
			);
			runOnlyForDeploymentPostprocessing = 0;
		};
/* End PBXSourcesBuildPhase section */

/* Begin PBXVariantGroup section */
		A7C5A1C6299F4B910043A1FB /* Main.storyboard */ = {
			isa = PBXVariantGroup;
			children = (
				A7C5A1C7299F4B910043A1FB /* Base */,
			);
			name = Main.storyboard;
			sourceTree = "<group>";
		};
		A7C5A1CB299F4B930043A1FB /* LaunchScreen.storyboard */ = {
			isa = PBXVariantGroup;
			children = (
				A7C5A1CC299F4B930043A1FB /* Base */,
			);
			name = LaunchScreen.storyboard;
			sourceTree = "<group>";
		};
/* End PBXVariantGroup section */

/* Begin XCBuildConfiguration section */
		A7C5A1CF299F4B930043A1FB /* Debug */ = {
			isa = XCBuildConfiguration;
			buildSettings = {
				ALWAYS_SEARCH_USER_PATHS = NO;
				CLANG_ANALYZER_NONNULL = YES;
				CLANG_ANALYZER_NUMBER_OBJECT_CONVERSION = YES_AGGRESSIVE;
				CLANG_CXX_LANGUAGE_STANDARD = "gnu++20";
				CLANG_ENABLE_MODULES = YES;
				CLANG_ENABLE_OBJC_ARC = YES;
				CLANG_ENABLE_OBJC_WEAK = YES;
				CLANG_WARN_BLOCK_CAPTURE_AUTORELEASING = YES;
				CLANG_WARN_BOOL_CONVERSION = YES;
				CLANG_WARN_COMMA = YES;
				CLANG_WARN_CONSTANT_CONVERSION = YES;
				CLANG_WARN_DEPRECATED_OBJC_IMPLEMENTATIONS = YES;
				CLANG_WARN_DIRECT_OBJC_ISA_USAGE = YES_ERROR;
				CLANG_WARN_DOCUMENTATION_COMMENTS = YES;
				CLANG_WARN_EMPTY_BODY = YES;
				CLANG_WARN_ENUM_CONVERSION = YES;
				CLANG_WARN_INFINITE_RECURSION = YES;
				CLANG_WARN_INT_CONVERSION = YES;
				CLANG_WARN_NON_LITERAL_NULL_CONVERSION = YES;
				CLANG_WARN_OBJC_IMPLICIT_RETAIN_SELF = YES;
				CLANG_WARN_OBJC_LITERAL_CONVERSION = YES;
				CLANG_WARN_OBJC_ROOT_CLASS = YES_ERROR;
				CLANG_WARN_QUOTED_INCLUDE_IN_FRAMEWORK_HEADER = YES;
				CLANG_WARN_RANGE_LOOP_ANALYSIS = YES;
				CLANG_WARN_STRICT_PROTOTYPES = YES;
				CLANG_WARN_SUSPICIOUS_MOVE = YES;
				CLANG_WARN_UNGUARDED_AVAILABILITY = YES_AGGRESSIVE;
				CLANG_WARN_UNREACHABLE_CODE = YES;
				CLANG_WARN__DUPLICATE_METHOD_MATCH = YES;
				COPY_PHASE_STRIP = NO;
				DEBUG_INFORMATION_FORMAT = dwarf;
				ENABLE_STRICT_OBJC_MSGSEND = YES;
				ENABLE_TESTABILITY = YES;
				GCC_C_LANGUAGE_STANDARD = gnu11;
				GCC_DYNAMIC_NO_PIC = NO;
				GCC_NO_COMMON_BLOCKS = YES;
				GCC_OPTIMIZATION_LEVEL = 0;
				GCC_PREPROCESSOR_DEFINITIONS = (
					"DEBUG=1",
					"$(inherited)",
				);
				GCC_WARN_64_TO_32_BIT_CONVERSION = YES;
				GCC_WARN_ABOUT_RETURN_TYPE = YES_ERROR;
				GCC_WARN_UNDECLARED_SELECTOR = YES;
				GCC_WARN_UNINITIALIZED_AUTOS = YES_AGGRESSIVE;
				GCC_WARN_UNUSED_FUNCTION = YES;
				GCC_WARN_UNUSED_VARIABLE = YES;
				IPHONEOS_DEPLOYMENT_TARGET = 16.2;
				MTL_ENABLE_DEBUG_INFO = INCLUDE_SOURCE;
				MTL_FAST_MATH = YES;
				ONLY_ACTIVE_ARCH = YES;
				SDKROOT = iphoneos;
				SWIFT_ACTIVE_COMPILATION_CONDITIONS = DEBUG;
				SWIFT_OPTIMIZATION_LEVEL = "-Onone";
			};
			name = Debug;
		};
		A7C5A1D0299F4B930043A1FB /* Release */ = {
			isa = XCBuildConfiguration;
			buildSettings = {
				ALWAYS_SEARCH_USER_PATHS = NO;
				CLANG_ANALYZER_NONNULL = YES;
				CLANG_ANALYZER_NUMBER_OBJECT_CONVERSION = YES_AGGRESSIVE;
				CLANG_CXX_LANGUAGE_STANDARD = "gnu++20";
				CLANG_ENABLE_MODULES = YES;
				CLANG_ENABLE_OBJC_ARC = YES;
				CLANG_ENABLE_OBJC_WEAK = YES;
				CLANG_WARN_BLOCK_CAPTURE_AUTORELEASING = YES;
				CLANG_WARN_BOOL_CONVERSION = YES;
				CLANG_WARN_COMMA = YES;
				CLANG_WARN_CONSTANT_CONVERSION = YES;
				CLANG_WARN_DEPRECATED_OBJC_IMPLEMENTATIONS = YES;
				CLANG_WARN_DIRECT_OBJC_ISA_USAGE = YES_ERROR;
				CLANG_WARN_DOCUMENTATION_COMMENTS = YES;
				CLANG_WARN_EMPTY_BODY = YES;
				CLANG_WARN_ENUM_CONVERSION = YES;
				CLANG_WARN_INFINITE_RECURSION = YES;
				CLANG_WARN_INT_CONVERSION = YES;
				CLANG_WARN_NON_LITERAL_NULL_CONVERSION = YES;
				CLANG_WARN_OBJC_IMPLICIT_RETAIN_SELF = YES;
				CLANG_WARN_OBJC_LITERAL_CONVERSION = YES;
				CLANG_WARN_OBJC_ROOT_CLASS = YES_ERROR;
				CLANG_WARN_QUOTED_INCLUDE_IN_FRAMEWORK_HEADER = YES;
				CLANG_WARN_RANGE_LOOP_ANALYSIS = YES;
				CLANG_WARN_STRICT_PROTOTYPES = YES;
				CLANG_WARN_SUSPICIOUS_MOVE = YES;
				CLANG_WARN_UNGUARDED_AVAILABILITY = YES_AGGRESSIVE;
				CLANG_WARN_UNREACHABLE_CODE = YES;
				CLANG_WARN__DUPLICATE_METHOD_MATCH = YES;
				COPY_PHASE_STRIP = NO;
				DEBUG_INFORMATION_FORMAT = "dwarf-with-dsym";
				ENABLE_NS_ASSERTIONS = NO;
				ENABLE_STRICT_OBJC_MSGSEND = YES;
				GCC_C_LANGUAGE_STANDARD = gnu11;
				GCC_NO_COMMON_BLOCKS = YES;
				GCC_WARN_64_TO_32_BIT_CONVERSION = YES;
				GCC_WARN_ABOUT_RETURN_TYPE = YES_ERROR;
				GCC_WARN_UNDECLARED_SELECTOR = YES;
				GCC_WARN_UNINITIALIZED_AUTOS = YES_AGGRESSIVE;
				GCC_WARN_UNUSED_FUNCTION = YES;
				GCC_WARN_UNUSED_VARIABLE = YES;
				IPHONEOS_DEPLOYMENT_TARGET = 16.2;
				MTL_ENABLE_DEBUG_INFO = NO;
				MTL_FAST_MATH = YES;
				SDKROOT = iphoneos;
				SWIFT_COMPILATION_MODE = wholemodule;
				SWIFT_OPTIMIZATION_LEVEL = "-O";
				VALIDATE_PRODUCT = YES;
			};
			name = Release;
		};
		A7C5A1D2299F4B930043A1FB /* Debug */ = {
			isa = XCBuildConfiguration;
			buildSettings = {
				ASSETCATALOG_COMPILER_APPICON_NAME = AppIcon;
				ASSETCATALOG_COMPILER_GLOBAL_ACCENT_COLOR_NAME = AccentColor;
				CODE_SIGN_STYLE = Automatic;
				CURRENT_PROJECT_VERSION = 1;
				GENERATE_INFOPLIST_FILE = YES;
				INFOPLIST_FILE = MyCurrencyConverter/Info.plist;
				INFOPLIST_KEY_UIApplicationSupportsIndirectInputEvents = YES;
				INFOPLIST_KEY_UILaunchStoryboardName = LaunchScreen;
				INFOPLIST_KEY_UIMainStoryboardFile = Main;
				INFOPLIST_KEY_UISupportedInterfaceOrientations_iPad = "UIInterfaceOrientationPortrait UIInterfaceOrientationPortraitUpsideDown UIInterfaceOrientationLandscapeLeft UIInterfaceOrientationLandscapeRight";
				INFOPLIST_KEY_UISupportedInterfaceOrientations_iPhone = "UIInterfaceOrientationPortrait UIInterfaceOrientationLandscapeLeft UIInterfaceOrientationLandscapeRight";
				LD_RUNPATH_SEARCH_PATHS = (
					"$(inherited)",
					"@executable_path/Frameworks",
				);
				MARKETING_VERSION = 1.0;
				PRODUCT_BUNDLE_IDENTIFIER = edu.auburn.onlinecsse.MyCurrencyConverter;
				PRODUCT_NAME = "$(TARGET_NAME)";
				SWIFT_EMIT_LOC_STRINGS = YES;
				SWIFT_VERSION = 5.0;
				TARGETED_DEVICE_FAMILY = "1,2";
			};
			name = Debug;
		};
		A7C5A1D3299F4B930043A1FB /* Release */ = {
			isa = XCBuildConfiguration;
			buildSettings = {
				ASSETCATALOG_COMPILER_APPICON_NAME = AppIcon;
				ASSETCATALOG_COMPILER_GLOBAL_ACCENT_COLOR_NAME = AccentColor;
				CODE_SIGN_STYLE = Automatic;
				CURRENT_PROJECT_VERSION = 1;
				GENERATE_INFOPLIST_FILE = YES;
				INFOPLIST_FILE = MyCurrencyConverter/Info.plist;
				INFOPLIST_KEY_UIApplicationSupportsIndirectInputEvents = YES;
				INFOPLIST_KEY_UILaunchStoryboardName = LaunchScreen;
				INFOPLIST_KEY_UIMainStoryboardFile = Main;
				INFOPLIST_KEY_UISupportedInterfaceOrientations_iPad = "UIInterfaceOrientationPortrait UIInterfaceOrientationPortraitUpsideDown UIInterfaceOrientationLandscapeLeft UIInterfaceOrientationLandscapeRight";
				INFOPLIST_KEY_UISupportedInterfaceOrientations_iPhone = "UIInterfaceOrientationPortrait UIInterfaceOrientationLandscapeLeft UIInterfaceOrientationLandscapeRight";
				LD_RUNPATH_SEARCH_PATHS = (
					"$(inherited)",
					"@executable_path/Frameworks",
				);
				MARKETING_VERSION = 1.0;
				PRODUCT_BUNDLE_IDENTIFIER = edu.auburn.onlinecsse.MyCurrencyConverter;
				PRODUCT_NAME = "$(TARGET_NAME)";
				SWIFT_EMIT_LOC_STRINGS = YES;
				SWIFT_VERSION = 5.0;
				TARGETED_DEVICE_FAMILY = "1,2";
			};
			name = Release;
		};
/* End XCBuildConfiguration section */

/* Begin XCConfigurationList section */
		A7C5A1B8299F4B910043A1FB /* Build configuration list for PBXProject "MyCurrencyConverter" */ = {
			isa = XCConfigurationList;
			buildConfigurations = (
				A7C5A1CF299F4B930043A1FB /* Debug */,
				A7C5A1D0299F4B930043A1FB /* Release */,
			);
			defaultConfigurationIsVisible = 0;
			defaultConfigurationName = Release;
		};
		A7C5A1D1299F4B930043A1FB /* Build configuration list for PBXNativeTarget "MyCurrencyConverter" */ = {
			isa = XCConfigurationList;
			buildConfigurations = (
				A7C5A1D2299F4B930043A1FB /* Debug */,
				A7C5A1D3299F4B930043A1FB /* Release */,
			);
			defaultConfigurationIsVisible = 0;
			defaultConfigurationName = Release;
		};
/* End XCConfigurationList section */
	};
	rootObject = A7C5A1B5299F4B910043A1FB /* Project object */;
}
